
Microsoft Visual Studio Solution File, Format Version 12.00
# Visual Studio Version 17
VisualStudioVersion = 17.5.33516.290
MinimumVisualStudioVersion = 10.0.40219.1
Project("{9A19103F-16F7-4668-BE54-9A1E7A4F7556}") = "SocketProgram", "SocketProgram\SocketProgram.csproj", "{7E7A91B7-49EE-4624-872B-2A4D66FCF2B4}"
EndProject
Project("{FAE04EC0-301F-11D3-BF4B-00C04F79EFBC}") = "Client", "Client\Client.csproj", "{62DE9955-445F-4336-927A-5C374C99D2CA}"
EndProject
Global
	GlobalSection(SolutionConfigurationPlatforms) = preSolution
		Debug|Any CPU = Debug|Any CPU
		Release|Any CPU = Release|Any CPU
	EndGlobalSection
	GlobalSection(ProjectConfigurationPlatforms) = postSolution
		{7E7A91B7-49EE-4624-872B-2A4D66FCF2B4}.Debug|Any CPU.ActiveCfg = Debug|Any CPU
		{7E7A91B7-49EE-4624-872B-2A4D66FCF2B4}.Debug|Any CPU.Build.0 = Debug|Any CPU
		{7E7A91B7-49EE-4624-872B-2A4D66FCF2B4}.Release|Any CPU.ActiveCfg = Release|Any CPU
		{7E7A91B7-49EE-4624-872B-2A4D66FCF2B4}.Release|Any CPU.Build.0 = Release|Any CPU
		{62DE9955-445F-4336-927A-5C374C99D2CA}.Debug|Any CPU.ActiveCfg = Debug|Any CPU
		{62DE9955-445F-4336-927A-5C374C99D2CA}.Debug|Any CPU.Build.0 = Debug|Any CPU
		{62DE9955-445F-4336-927A-5C374C99D2CA}.Release|Any CPU.ActiveCfg = Release|Any CPU
		{62DE9955-445F-4336-927A-5C374C99D2CA}.Release|Any CPU.Build.0 = Release|Any CPU
	EndGlobalSection
	GlobalSection(SolutionProperties) = preSolution
		HideSolutionNode = FALSE
	EndGlobalSection
	GlobalSection(ExtensibilityGlobals) = postSolution
		SolutionGuid = {477D2AEF-2924-4E0A-9FDE-7717E810A1D0}
	EndGlobalSection
EndGlobal
